// !$*UTF8*$!
{
	archiveVersion = 1;
	classes = {
	};
	objectVersion = 46;
	objects = {

/* Begin PBXBuildFile section */
		84080B5B1F1E37B400E066B4 /* DetailViewController.swift in Sources */ = {isa = PBXBuildFile; fileRef = 84080B5A1F1E37B400E066B4 /* DetailViewController.swift */; };
		840F63D41F1F9F0200417D7E /* UserInformationViewController.swift in Sources */ = {isa = PBXBuildFile; fileRef = 840F63D31F1F9F0200417D7E /* UserInformationViewController.swift */; };
		840F63D61F1FB44700417D7E /* OffPublicationViewController.swift in Sources */ = {isa = PBXBuildFile; fileRef = 840F63D51F1FB44700417D7E /* OffPublicationViewController.swift */; };
		840F63D81F1FB46100417D7E /* OffSubscriptionViewController.swift in Sources */ = {isa = PBXBuildFile; fileRef = 840F63D71F1FB46100417D7E /* OffSubscriptionViewController.swift */; };
		843A90451F192351004B6E71 /* MatchViewController.swift in Sources */ = {isa = PBXBuildFile; fileRef = 843A90441F192351004B6E71 /* MatchViewController.swift */; };
		843A90471F192365004B6E71 /* MatchTableViewCell.swift in Sources */ = {isa = PBXBuildFile; fileRef = 843A90461F192365004B6E71 /* MatchTableViewCell.swift */; };
		843A90491F192377004B6E71 /* MatchTableViewController.swift in Sources */ = {isa = PBXBuildFile; fileRef = 843A90481F192377004B6E71 /* MatchTableViewController.swift */; };
		843CEEB81F166DA600BD074E /* AppDelegate.swift in Sources */ = {isa = PBXBuildFile; fileRef = 843CEEB71F166DA600BD074E /* AppDelegate.swift */; };
		843CEEBA1F166DA600BD074E /* ViewController.swift in Sources */ = {isa = PBXBuildFile; fileRef = 843CEEB91F166DA600BD074E /* ViewController.swift */; };
		843CEEBD1F166DA600BD074E /* Main.storyboard in Resources */ = {isa = PBXBuildFile; fileRef = 843CEEBB1F166DA600BD074E /* Main.storyboard */; };
		843CEEBF1F166DA600BD074E /* Assets.xcassets in Resources */ = {isa = PBXBuildFile; fileRef = 843CEEBE1F166DA600BD074E /* Assets.xcassets */; };
		843CEEC21F166DA600BD074E /* LaunchScreen.storyboard in Resources */ = {isa = PBXBuildFile; fileRef = 843CEEC01F166DA600BD074E /* LaunchScreen.storyboard */; };
		843CEECD1F166DA600BD074E /* demoTests.swift in Sources */ = {isa = PBXBuildFile; fileRef = 843CEECC1F166DA600BD074E /* demoTests.swift */; };
		843CEED81F166DA600BD074E /* demoUITests.swift in Sources */ = {isa = PBXBuildFile; fileRef = 843CEED71F166DA600BD074E /* demoUITests.swift */; };
		848CF2211F18F4FD00942FBD /* SubscriptionTableViewCell.swift in Sources */ = {isa = PBXBuildFile; fileRef = 848CF2201F18F4FD00942FBD /* SubscriptionTableViewCell.swift */; };
		848CF2231F18F53500942FBD /* SubscriptionTableViewController.swift in Sources */ = {isa = PBXBuildFile; fileRef = 848CF2221F18F53500942FBD /* SubscriptionTableViewController.swift */; };
		848CF2281F18FE5F00942FBD /* PublicationTableViewController.swift in Sources */ = {isa = PBXBuildFile; fileRef = 848CF2271F18FE5F00942FBD /* PublicationTableViewController.swift */; };
		848CF22A1F18FE7900942FBD /* PublicationTableViewCell.swift in Sources */ = {isa = PBXBuildFile; fileRef = 848CF2291F18FE7900942FBD /* PublicationTableViewCell.swift */; };
/* End PBXBuildFile section */

/* Begin PBXContainerItemProxy section */
		843CEEC91F166DA600BD074E /* PBXContainerItemProxy */ = {
			isa = PBXContainerItemProxy;
			containerPortal = 843CEEAC1F166DA600BD074E /* Project object */;
			proxyType = 1;
			remoteGlobalIDString = 843CEEB31F166DA600BD074E;
			remoteInfo = demo;
		};
		843CEED41F166DA600BD074E /* PBXContainerItemProxy */ = {
			isa = PBXContainerItemProxy;
			containerPortal = 843CEEAC1F166DA600BD074E /* Project object */;
			proxyType = 1;
			remoteGlobalIDString = 843CEEB31F166DA600BD074E;
			remoteInfo = demo;
		};
/* End PBXContainerItemProxy section */

/* Begin PBXFileReference section */
		84080B5A1F1E37B400E066B4 /* DetailViewController.swift */ = {isa = PBXFileReference; fileEncoding = 4; lastKnownFileType = sourcecode.swift; path = DetailViewController.swift; sourceTree = "<group>"; };
		840F63D31F1F9F0200417D7E /* UserInformationViewController.swift */ = {isa = PBXFileReference; fileEncoding = 4; lastKnownFileType = sourcecode.swift; path = UserInformationViewController.swift; sourceTree = "<group>"; };
		840F63D51F1FB44700417D7E /* OffPublicationViewController.swift */ = {isa = PBXFileReference; fileEncoding = 4; lastKnownFileType = sourcecode.swift; path = OffPublicationViewController.swift; sourceTree = "<group>"; };
		840F63D71F1FB46100417D7E /* OffSubscriptionViewController.swift */ = {isa = PBXFileReference; fileEncoding = 4; lastKnownFileType = sourcecode.swift; path = OffSubscriptionViewController.swift; sourceTree = "<group>"; };
		843A90441F192351004B6E71 /* MatchViewController.swift */ = {isa = PBXFileReference; fileEncoding = 4; lastKnownFileType = sourcecode.swift; path = MatchViewController.swift; sourceTree = "<group>"; };
		843A90461F192365004B6E71 /* MatchTableViewCell.swift */ = {isa = PBXFileReference; fileEncoding = 4; lastKnownFileType = sourcecode.swift; path = MatchTableViewCell.swift; sourceTree = "<group>"; };
		843A90481F192377004B6E71 /* MatchTableViewController.swift */ = {isa = PBXFileReference; fileEncoding = 4; lastKnownFileType = sourcecode.swift; path = MatchTableViewController.swift; sourceTree = "<group>"; };
		843CEEB41F166DA600BD074E /* Alps-ios-Alps-ios-demo.app */ = {isa = PBXFileReference; explicitFileType = wrapper.application; includeInIndex = 0; path = "Alps-ios-Alps-ios-demo.app"; sourceTree = BUILT_PRODUCTS_DIR; };
		843CEEB71F166DA600BD074E /* AppDelegate.swift */ = {isa = PBXFileReference; lastKnownFileType = sourcecode.swift; path = AppDelegate.swift; sourceTree = "<group>"; };
		843CEEB91F166DA600BD074E /* ViewController.swift */ = {isa = PBXFileReference; lastKnownFileType = sourcecode.swift; path = ViewController.swift; sourceTree = "<group>"; };
		843CEEBC1F166DA600BD074E /* Base */ = {isa = PBXFileReference; lastKnownFileType = file.storyboard; name = Base; path = Base.lproj/Main.storyboard; sourceTree = "<group>"; };
		843CEEBE1F166DA600BD074E /* Assets.xcassets */ = {isa = PBXFileReference; lastKnownFileType = folder.assetcatalog; path = Assets.xcassets; sourceTree = "<group>"; };
		843CEEC11F166DA600BD074E /* Base */ = {isa = PBXFileReference; lastKnownFileType = file.storyboard; name = Base; path = Base.lproj/LaunchScreen.storyboard; sourceTree = "<group>"; };
		843CEEC31F166DA600BD074E /* Info.plist */ = {isa = PBXFileReference; lastKnownFileType = text.plist.xml; path = Info.plist; sourceTree = "<group>"; };
		843CEEC81F166DA600BD074E /* Alps-ios-demoTests.xctest */ = {isa = PBXFileReference; explicitFileType = wrapper.cfbundle; includeInIndex = 0; path = "Alps-ios-demoTests.xctest"; sourceTree = BUILT_PRODUCTS_DIR; };
		843CEECC1F166DA600BD074E /* demoTests.swift */ = {isa = PBXFileReference; lastKnownFileType = sourcecode.swift; path = demoTests.swift; sourceTree = "<group>"; };
		843CEECE1F166DA600BD074E /* Info.plist */ = {isa = PBXFileReference; lastKnownFileType = text.plist.xml; path = Info.plist; sourceTree = "<group>"; };
		843CEED31F166DA600BD074E /* Alps-ios-demoUITests.xctest */ = {isa = PBXFileReference; explicitFileType = wrapper.cfbundle; includeInIndex = 0; path = "Alps-ios-demoUITests.xctest"; sourceTree = BUILT_PRODUCTS_DIR; };
		843CEED71F166DA600BD074E /* demoUITests.swift */ = {isa = PBXFileReference; lastKnownFileType = sourcecode.swift; path = demoUITests.swift; sourceTree = "<group>"; };
		843CEED91F166DA600BD074E /* Info.plist */ = {isa = PBXFileReference; lastKnownFileType = text.plist.xml; path = Info.plist; sourceTree = "<group>"; };
		848CF2201F18F4FD00942FBD /* SubscriptionTableViewCell.swift */ = {isa = PBXFileReference; fileEncoding = 4; lastKnownFileType = sourcecode.swift; path = SubscriptionTableViewCell.swift; sourceTree = "<group>"; };
		848CF2221F18F53500942FBD /* SubscriptionTableViewController.swift */ = {isa = PBXFileReference; fileEncoding = 4; lastKnownFileType = sourcecode.swift; path = SubscriptionTableViewController.swift; sourceTree = "<group>"; };
		848CF2271F18FE5F00942FBD /* PublicationTableViewController.swift */ = {isa = PBXFileReference; fileEncoding = 4; lastKnownFileType = sourcecode.swift; path = PublicationTableViewController.swift; sourceTree = "<group>"; };
		848CF2291F18FE7900942FBD /* PublicationTableViewCell.swift */ = {isa = PBXFileReference; fileEncoding = 4; lastKnownFileType = sourcecode.swift; path = PublicationTableViewCell.swift; sourceTree = "<group>"; };
/* End PBXFileReference section */

/* Begin PBXFrameworksBuildPhase section */
		843CEEB11F166DA600BD074E /* Frameworks */ = {
			isa = PBXFrameworksBuildPhase;
			buildActionMask = 2147483647;
			files = (
			);
			runOnlyForDeploymentPostprocessing = 0;
		};
		843CEEC51F166DA600BD074E /* Frameworks */ = {
			isa = PBXFrameworksBuildPhase;
			buildActionMask = 2147483647;
			files = (
			);
			runOnlyForDeploymentPostprocessing = 0;
		};
		843CEED01F166DA600BD074E /* Frameworks */ = {
			isa = PBXFrameworksBuildPhase;
			buildActionMask = 2147483647;
			files = (
			);
			runOnlyForDeploymentPostprocessing = 0;
		};
/* End PBXFrameworksBuildPhase section */

/* Begin PBXGroup section */
		840F63D91F1FC65700417D7E /* deprecated */ = {
			isa = PBXGroup;
			children = (
			);
			name = deprecated;
			sourceTree = "<group>";
		};
		843CEEAB1F166DA600BD074E = {
			isa = PBXGroup;
			children = (
				843CEEB61F166DA600BD074E /* demo */,
				843CEECB1F166DA600BD074E /* demoTests */,
				843CEED61F166DA600BD074E /* demoUITests */,
				843CEEB51F166DA600BD074E /* Products */,
			);
			sourceTree = "<group>";
		};
		843CEEB51F166DA600BD074E /* Products */ = {
			isa = PBXGroup;
			children = (
				843CEEB41F166DA600BD074E /* Alps-ios-Alps-ios-demo.app */,
				843CEEC81F166DA600BD074E /* Alps-ios-demoTests.xctest */,
				843CEED31F166DA600BD074E /* Alps-ios-demoUITests.xctest */,
			);
			name = Products;
			sourceTree = "<group>";
		};
		843CEEB61F166DA600BD074E /* demo */ = {
			isa = PBXGroup;
			children = (
				843CEEB71F166DA600BD074E /* AppDelegate.swift */,
				843CEEB91F166DA600BD074E /* ViewController.swift */,
				843CEEBB1F166DA600BD074E /* Main.storyboard */,
				840F63D31F1F9F0200417D7E /* UserInformationViewController.swift */,
				84080B5A1F1E37B400E066B4 /* DetailViewController.swift */,
				843CEEBE1F166DA600BD074E /* Assets.xcassets */,
				843CEEC01F166DA600BD074E /* LaunchScreen.storyboard */,
				843CEEC31F166DA600BD074E /* Info.plist */,
				848CF2261F18FE4900942FBD /* Matches View */,
				848CF2251F18FE3E00942FBD /* Publication View */,
				848CF2241F18F54200942FBD /* Subscription View */,
				840F63D91F1FC65700417D7E /* deprecated */,
			);
			path = demo;
			sourceTree = "<group>";
		};
		843CEECB1F166DA600BD074E /* demoTests */ = {
			isa = PBXGroup;
			children = (
				843CEECC1F166DA600BD074E /* demoTests.swift */,
				843CEECE1F166DA600BD074E /* Info.plist */,
			);
			path = demoTests;
			sourceTree = "<group>";
		};
		843CEED61F166DA600BD074E /* demoUITests */ = {
			isa = PBXGroup;
			children = (
				843CEED71F166DA600BD074E /* demoUITests.swift */,
				843CEED91F166DA600BD074E /* Info.plist */,
			);
			path = demoUITests;
			sourceTree = "<group>";
		};
		848CF2241F18F54200942FBD /* Subscription View */ = {
			isa = PBXGroup;
			children = (
				848CF2201F18F4FD00942FBD /* SubscriptionTableViewCell.swift */,
				848CF2221F18F53500942FBD /* SubscriptionTableViewController.swift */,
				840F63D71F1FB46100417D7E /* OffSubscriptionViewController.swift */,
			);
			name = "Subscription View";
			sourceTree = "<group>";
		};
		848CF2251F18FE3E00942FBD /* Publication View */ = {
			isa = PBXGroup;
			children = (
				848CF2271F18FE5F00942FBD /* PublicationTableViewController.swift */,
				848CF2291F18FE7900942FBD /* PublicationTableViewCell.swift */,
				840F63D51F1FB44700417D7E /* OffPublicationViewController.swift */,
			);
			name = "Publication View";
			sourceTree = "<group>";
		};
		848CF2261F18FE4900942FBD /* Matches View */ = {
			isa = PBXGroup;
			children = (
				843A90441F192351004B6E71 /* MatchViewController.swift */,
				843A90461F192365004B6E71 /* MatchTableViewCell.swift */,
				843A90481F192377004B6E71 /* MatchTableViewController.swift */,
			);
			name = "Matches View";
			sourceTree = "<group>";
		};
/* End PBXGroup section */

/* Begin PBXNativeTarget section */
		843CEEB31F166DA600BD074E /* Alps-ios-Alps-ios-demo */ = {
			isa = PBXNativeTarget;
			buildConfigurationList = 843CEEDC1F166DA600BD074E /* Build configuration list for PBXNativeTarget "Alps-ios-Alps-ios-demo" */;
			buildPhases = (
				843CEEB01F166DA600BD074E /* Sources */,
				843CEEB11F166DA600BD074E /* Frameworks */,
				843CEEB21F166DA600BD074E /* Resources */,
			);
			buildRules = (
			);
			dependencies = (
			);
			name = "Alps-ios-Alps-ios-demo";
			productName = demo;
			productReference = 843CEEB41F166DA600BD074E /* Alps-ios-Alps-ios-demo.app */;
			productType = "com.apple.product-type.application";
		};
		843CEEC71F166DA600BD074E /* Alps-ios-demoTests */ = {
			isa = PBXNativeTarget;
			buildConfigurationList = 843CEEDF1F166DA600BD074E /* Build configuration list for PBXNativeTarget "Alps-ios-demoTests" */;
			buildPhases = (
				843CEEC41F166DA600BD074E /* Sources */,
				843CEEC51F166DA600BD074E /* Frameworks */,
				843CEEC61F166DA600BD074E /* Resources */,
			);
			buildRules = (
			);
			dependencies = (
				843CEECA1F166DA600BD074E /* PBXTargetDependency */,
			);
			name = "Alps-ios-demoTests";
			productName = demoTests;
			productReference = 843CEEC81F166DA600BD074E /* Alps-ios-demoTests.xctest */;
			productType = "com.apple.product-type.bundle.unit-test";
		};
		843CEED21F166DA600BD074E /* Alps-ios-demoUITests */ = {
			isa = PBXNativeTarget;
			buildConfigurationList = 843CEEE21F166DA600BD074E /* Build configuration list for PBXNativeTarget "Alps-ios-demoUITests" */;
			buildPhases = (
				843CEECF1F166DA600BD074E /* Sources */,
				843CEED01F166DA600BD074E /* Frameworks */,
				843CEED11F166DA600BD074E /* Resources */,
			);
			buildRules = (
			);
			dependencies = (
				843CEED51F166DA600BD074E /* PBXTargetDependency */,
			);
			name = "Alps-ios-demoUITests";
			productName = demoUITests;
			productReference = 843CEED31F166DA600BD074E /* Alps-ios-demoUITests.xctest */;
			productType = "com.apple.product-type.bundle.ui-testing";
		};
/* End PBXNativeTarget section */

/* Begin PBXProject section */
		843CEEAC1F166DA600BD074E /* Project object */ = {
			isa = PBXProject;
			attributes = {
				LastSwiftUpdateCheck = 0830;
				LastUpgradeCheck = 0830;
				ORGANIZATIONNAME = jdu;
				TargetAttributes = {
					843CEEB31F166DA600BD074E = {
						CreatedOnToolsVersion = 8.3.3;
						DevelopmentTeam = 2UJM6Q65K9;
						ProvisioningStyle = Automatic;
					};
					843CEEC71F166DA600BD074E = {
						CreatedOnToolsVersion = 8.3.3;
						DevelopmentTeam = 675TP2643A;
						ProvisioningStyle = Automatic;
						TestTargetID = 843CEEB31F166DA600BD074E;
					};
					843CEED21F166DA600BD074E = {
						CreatedOnToolsVersion = 8.3.3;
						DevelopmentTeam = 675TP2643A;
						ProvisioningStyle = Automatic;
						TestTargetID = 843CEEB31F166DA600BD074E;
					};
				};
			};
			buildConfigurationList = 843CEEAF1F166DA600BD074E /* Build configuration list for PBXProject "Alps-ios-demo" */;
			compatibilityVersion = "Xcode 3.2";
			developmentRegion = English;
			hasScannedForEncodings = 0;
			knownRegions = (
				en,
				Base,
			);
			mainGroup = 843CEEAB1F166DA600BD074E;
			productRefGroup = 843CEEB51F166DA600BD074E /* Products */;
			projectDirPath = "";
			projectRoot = "";
			targets = (
				843CEEB31F166DA600BD074E /* Alps-ios-Alps-ios-demo */,
				843CEEC71F166DA600BD074E /* Alps-ios-demoTests */,
				843CEED21F166DA600BD074E /* Alps-ios-demoUITests */,
			);
		};
/* End PBXProject section */

/* Begin PBXResourcesBuildPhase section */
		843CEEB21F166DA600BD074E /* Resources */ = {
			isa = PBXResourcesBuildPhase;
			buildActionMask = 2147483647;
			files = (
				843CEEC21F166DA600BD074E /* LaunchScreen.storyboard in Resources */,
				843CEEBF1F166DA600BD074E /* Assets.xcassets in Resources */,
				843CEEBD1F166DA600BD074E /* Main.storyboard in Resources */,
			);
			runOnlyForDeploymentPostprocessing = 0;
		};
		843CEEC61F166DA600BD074E /* Resources */ = {
			isa = PBXResourcesBuildPhase;
			buildActionMask = 2147483647;
			files = (
			);
			runOnlyForDeploymentPostprocessing = 0;
		};
		843CEED11F166DA600BD074E /* Resources */ = {
			isa = PBXResourcesBuildPhase;
			buildActionMask = 2147483647;
			files = (
			);
			runOnlyForDeploymentPostprocessing = 0;
		};
/* End PBXResourcesBuildPhase section */

/* Begin PBXSourcesBuildPhase section */
		843CEEB01F166DA600BD074E /* Sources */ = {
			isa = PBXSourcesBuildPhase;
			buildActionMask = 2147483647;
			files = (
				843A90451F192351004B6E71 /* MatchViewController.swift in Sources */,
				840F63D81F1FB46100417D7E /* OffSubscriptionViewController.swift in Sources */,
				84080B5B1F1E37B400E066B4 /* DetailViewController.swift in Sources */,
				848CF22A1F18FE7900942FBD /* PublicationTableViewCell.swift in Sources */,
				848CF2281F18FE5F00942FBD /* PublicationTableViewController.swift in Sources */,
				848CF2211F18F4FD00942FBD /* SubscriptionTableViewCell.swift in Sources */,
				843A90471F192365004B6E71 /* MatchTableViewCell.swift in Sources */,
				843CEEBA1F166DA600BD074E /* ViewController.swift in Sources */,
				840F63D61F1FB44700417D7E /* OffPublicationViewController.swift in Sources */,
				848CF2231F18F53500942FBD /* SubscriptionTableViewController.swift in Sources */,
				843A90491F192377004B6E71 /* MatchTableViewController.swift in Sources */,
				840F63D41F1F9F0200417D7E /* UserInformationViewController.swift in Sources */,
				843CEEB81F166DA600BD074E /* AppDelegate.swift in Sources */,
			);
			runOnlyForDeploymentPostprocessing = 0;
		};
		843CEEC41F166DA600BD074E /* Sources */ = {
			isa = PBXSourcesBuildPhase;
			buildActionMask = 2147483647;
			files = (
				843CEECD1F166DA600BD074E /* demoTests.swift in Sources */,
			);
			runOnlyForDeploymentPostprocessing = 0;
		};
		843CEECF1F166DA600BD074E /* Sources */ = {
			isa = PBXSourcesBuildPhase;
			buildActionMask = 2147483647;
			files = (
				843CEED81F166DA600BD074E /* demoUITests.swift in Sources */,
			);
			runOnlyForDeploymentPostprocessing = 0;
		};
/* End PBXSourcesBuildPhase section */

/* Begin PBXTargetDependency section */
		843CEECA1F166DA600BD074E /* PBXTargetDependency */ = {
			isa = PBXTargetDependency;
			target = 843CEEB31F166DA600BD074E /* Alps-ios-Alps-ios-demo */;
			targetProxy = 843CEEC91F166DA600BD074E /* PBXContainerItemProxy */;
		};
		843CEED51F166DA600BD074E /* PBXTargetDependency */ = {
			isa = PBXTargetDependency;
			target = 843CEEB31F166DA600BD074E /* Alps-ios-Alps-ios-demo */;
			targetProxy = 843CEED41F166DA600BD074E /* PBXContainerItemProxy */;
		};
/* End PBXTargetDependency section */

/* Begin PBXVariantGroup section */
		843CEEBB1F166DA600BD074E /* Main.storyboard */ = {
			isa = PBXVariantGroup;
			children = (
				843CEEBC1F166DA600BD074E /* Base */,
			);
			name = Main.storyboard;
			sourceTree = "<group>";
		};
		843CEEC01F166DA600BD074E /* LaunchScreen.storyboard */ = {
			isa = PBXVariantGroup;
			children = (
				843CEEC11F166DA600BD074E /* Base */,
			);
			name = LaunchScreen.storyboard;
			sourceTree = "<group>";
		};
/* End PBXVariantGroup section */

/* Begin XCBuildConfiguration section */
		843CEEDA1F166DA600BD074E /* Debug */ = {
			isa = XCBuildConfiguration;
			buildSettings = {
				ALWAYS_SEARCH_USER_PATHS = NO;
				CLANG_ANALYZER_NONNULL = YES;
				CLANG_ANALYZER_NUMBER_OBJECT_CONVERSION = YES_AGGRESSIVE;
				CLANG_CXX_LANGUAGE_STANDARD = "gnu++0x";
				CLANG_CXX_LIBRARY = "libc++";
				CLANG_ENABLE_MODULES = YES;
				CLANG_ENABLE_OBJC_ARC = YES;
				CLANG_WARN_BOOL_CONVERSION = YES;
				CLANG_WARN_CONSTANT_CONVERSION = YES;
				CLANG_WARN_DIRECT_OBJC_ISA_USAGE = YES_ERROR;
				CLANG_WARN_DOCUMENTATION_COMMENTS = YES;
				CLANG_WARN_EMPTY_BODY = YES;
				CLANG_WARN_ENUM_CONVERSION = YES;
				CLANG_WARN_INFINITE_RECURSION = YES;
				CLANG_WARN_INT_CONVERSION = YES;
				CLANG_WARN_OBJC_ROOT_CLASS = YES_ERROR;
				CLANG_WARN_SUSPICIOUS_MOVE = YES;
				CLANG_WARN_UNREACHABLE_CODE = YES;
				CLANG_WARN__DUPLICATE_METHOD_MATCH = YES;
				"CODE_SIGN_IDENTITY[sdk=iphoneos*]" = "iPhone Developer";
				COPY_PHASE_STRIP = NO;
				DEBUG_INFORMATION_FORMAT = dwarf;
				ENABLE_STRICT_OBJC_MSGSEND = YES;
				ENABLE_TESTABILITY = YES;
				GCC_C_LANGUAGE_STANDARD = gnu99;
				GCC_DYNAMIC_NO_PIC = NO;
				GCC_NO_COMMON_BLOCKS = YES;
				GCC_OPTIMIZATION_LEVEL = 0;
				GCC_PREPROCESSOR_DEFINITIONS = (
					"DEBUG=1",
					"$(inherited)",
				);
				GCC_WARN_64_TO_32_BIT_CONVERSION = YES;
				GCC_WARN_ABOUT_RETURN_TYPE = YES_ERROR;
				GCC_WARN_UNDECLARED_SELECTOR = YES;
				GCC_WARN_UNINITIALIZED_AUTOS = YES_AGGRESSIVE;
				GCC_WARN_UNUSED_FUNCTION = YES;
				GCC_WARN_UNUSED_VARIABLE = YES;
				IPHONEOS_DEPLOYMENT_TARGET = 10.3;
				MTL_ENABLE_DEBUG_INFO = YES;
				ONLY_ACTIVE_ARCH = YES;
				SDKROOT = iphoneos;
				SWIFT_ACTIVE_COMPILATION_CONDITIONS = DEBUG;
				SWIFT_OPTIMIZATION_LEVEL = "-Onone";
				TARGETED_DEVICE_FAMILY = "1,2";
			};
			name = Debug;
		};
		843CEEDB1F166DA600BD074E /* Release */ = {
			isa = XCBuildConfiguration;
			buildSettings = {
				ALWAYS_SEARCH_USER_PATHS = NO;
				CLANG_ANALYZER_NONNULL = YES;
				CLANG_ANALYZER_NUMBER_OBJECT_CONVERSION = YES_AGGRESSIVE;
				CLANG_CXX_LANGUAGE_STANDARD = "gnu++0x";
				CLANG_CXX_LIBRARY = "libc++";
				CLANG_ENABLE_MODULES = YES;
				CLANG_ENABLE_OBJC_ARC = YES;
				CLANG_WARN_BOOL_CONVERSION = YES;
				CLANG_WARN_CONSTANT_CONVERSION = YES;
				CLANG_WARN_DIRECT_OBJC_ISA_USAGE = YES_ERROR;
				CLANG_WARN_DOCUMENTATION_COMMENTS = YES;
				CLANG_WARN_EMPTY_BODY = YES;
				CLANG_WARN_ENUM_CONVERSION = YES;
				CLANG_WARN_INFINITE_RECURSION = YES;
				CLANG_WARN_INT_CONVERSION = YES;
				CLANG_WARN_OBJC_ROOT_CLASS = YES_ERROR;
				CLANG_WARN_SUSPICIOUS_MOVE = YES;
				CLANG_WARN_UNREACHABLE_CODE = YES;
				CLANG_WARN__DUPLICATE_METHOD_MATCH = YES;
				"CODE_SIGN_IDENTITY[sdk=iphoneos*]" = "iPhone Developer";
				COPY_PHASE_STRIP = NO;
				DEBUG_INFORMATION_FORMAT = "dwarf-with-dsym";
				ENABLE_NS_ASSERTIONS = NO;
				ENABLE_STRICT_OBJC_MSGSEND = YES;
				GCC_C_LANGUAGE_STANDARD = gnu99;
				GCC_NO_COMMON_BLOCKS = YES;
				GCC_WARN_64_TO_32_BIT_CONVERSION = YES;
				GCC_WARN_ABOUT_RETURN_TYPE = YES_ERROR;
				GCC_WARN_UNDECLARED_SELECTOR = YES;
				GCC_WARN_UNINITIALIZED_AUTOS = YES_AGGRESSIVE;
				GCC_WARN_UNUSED_FUNCTION = YES;
				GCC_WARN_UNUSED_VARIABLE = YES;
				IPHONEOS_DEPLOYMENT_TARGET = 10.3;
				MTL_ENABLE_DEBUG_INFO = NO;
				SDKROOT = iphoneos;
				SWIFT_OPTIMIZATION_LEVEL = "-Owholemodule";
				TARGETED_DEVICE_FAMILY = "1,2";
				VALIDATE_PRODUCT = YES;
			};
			name = Release;
		};
		843CEEDD1F166DA600BD074E /* Debug */ = {
			isa = XCBuildConfiguration;
			buildSettings = {
				ASSETCATALOG_COMPILER_APPICON_NAME = AppIcon;
				DEVELOPMENT_TEAM = 2UJM6Q65K9;
				INFOPLIST_FILE = demo/Info.plist;
				LD_RUNPATH_SEARCH_PATHS = "$(inherited) @executable_path/Frameworks";
				PRODUCT_BUNDLE_IDENTIFIER = "doplab.Alps-ios-demo";
				PRODUCT_NAME = "$(TARGET_NAME)";
				SWIFT_VERSION = 3.0;
			};
			name = Debug;
		};
		843CEEDE1F166DA600BD074E /* Release */ = {
			isa = XCBuildConfiguration;
			buildSettings = {
				ASSETCATALOG_COMPILER_APPICON_NAME = AppIcon;
				DEVELOPMENT_TEAM = 2UJM6Q65K9;
				INFOPLIST_FILE = demo/Info.plist;
				LD_RUNPATH_SEARCH_PATHS = "$(inherited) @executable_path/Frameworks";
				PRODUCT_BUNDLE_IDENTIFIER = "doplab.Alps-ios-demo";
				PRODUCT_NAME = "$(TARGET_NAME)";
				SWIFT_VERSION = 3.0;
			};
			name = Release;
		};
		843CEEE01F166DA600BD074E /* Debug */ = {
			isa = XCBuildConfiguration;
			buildSettings = {
				ALWAYS_EMBED_SWIFT_STANDARD_LIBRARIES = YES;
				BUNDLE_LOADER = "$(TEST_HOST)";
				DEVELOPMENT_TEAM = 675TP2643A;
				INFOPLIST_FILE = demoTests/Info.plist;
				LD_RUNPATH_SEARCH_PATHS = "$(inherited) @executable_path/Frameworks @loader_path/Frameworks";
				PRODUCT_BUNDLE_IDENTIFIER = doplab.demoTests;
				PRODUCT_NAME = "$(TARGET_NAME)";
				SWIFT_VERSION = 3.0;
				TEST_HOST = "$(BUILT_PRODUCTS_DIR)/Alps-ios-demo.app/Alps-ios-demo";
			};
			name = Debug;
		};
		843CEEE11F166DA600BD074E /* Release */ = {
			isa = XCBuildConfiguration;
			buildSettings = {
				ALWAYS_EMBED_SWIFT_STANDARD_LIBRARIES = YES;
				BUNDLE_LOADER = "$(TEST_HOST)";
				DEVELOPMENT_TEAM = 675TP2643A;
				INFOPLIST_FILE = demoTests/Info.plist;
				LD_RUNPATH_SEARCH_PATHS = "$(inherited) @executable_path/Frameworks @loader_path/Frameworks";
				PRODUCT_BUNDLE_IDENTIFIER = doplab.demoTests;
				PRODUCT_NAME = "$(TARGET_NAME)";
				SWIFT_VERSION = 3.0;
				TEST_HOST = "$(BUILT_PRODUCTS_DIR)/Alps-ios-demo.app/Alps-ios-demo";
			};
			name = Release;
		};
		843CEEE31F166DA600BD074E /* Debug */ = {
			isa = XCBuildConfiguration;
			buildSettings = {
				ALWAYS_EMBED_SWIFT_STANDARD_LIBRARIES = YES;
				DEVELOPMENT_TEAM = 675TP2643A;
				INFOPLIST_FILE = demoUITests/Info.plist;
				LD_RUNPATH_SEARCH_PATHS = "$(inherited) @executable_path/Frameworks @loader_path/Frameworks";
				PRODUCT_BUNDLE_IDENTIFIER = doplab.demoUITests;
				PRODUCT_NAME = "$(TARGET_NAME)";
				SWIFT_VERSION = 3.0;
				TEST_TARGET_NAME = demo;
			};
			name = Debug;
		};
		843CEEE41F166DA600BD074E /* Release */ = {
			isa = XCBuildConfiguration;
			buildSettings = {
				ALWAYS_EMBED_SWIFT_STANDARD_LIBRARIES = YES;
				DEVELOPMENT_TEAM = 675TP2643A;
				INFOPLIST_FILE = demoUITests/Info.plist;
				LD_RUNPATH_SEARCH_PATHS = "$(inherited) @executable_path/Frameworks @loader_path/Frameworks";
				PRODUCT_BUNDLE_IDENTIFIER = doplab.demoUITests;
				PRODUCT_NAME = "$(TARGET_NAME)";
				SWIFT_VERSION = 3.0;
				TEST_TARGET_NAME = demo;
			};
			name = Release;
		};
/* End XCBuildConfiguration section */

/* Begin XCConfigurationList section */
		843CEEAF1F166DA600BD074E /* Build configuration list for PBXProject "Alps-ios-demo" */ = {
			isa = XCConfigurationList;
			buildConfigurations = (
				843CEEDA1F166DA600BD074E /* Debug */,
				843CEEDB1F166DA600BD074E /* Release */,
			);
			defaultConfigurationIsVisible = 0;
			defaultConfigurationName = Release;
		};
		843CEEDC1F166DA600BD074E /* Build configuration list for PBXNativeTarget "Alps-ios-Alps-ios-demo" */ = {
			isa = XCConfigurationList;
			buildConfigurations = (
				843CEEDD1F166DA600BD074E /* Debug */,
				843CEEDE1F166DA600BD074E /* Release */,
			);
			defaultConfigurationIsVisible = 0;
			defaultConfigurationName = Release;
		};
		843CEEDF1F166DA600BD074E /* Build configuration list for PBXNativeTarget "Alps-ios-demoTests" */ = {
			isa = XCConfigurationList;
			buildConfigurations = (
				843CEEE01F166DA600BD074E /* Debug */,
				843CEEE11F166DA600BD074E /* Release */,
			);
			defaultConfigurationIsVisible = 0;
			defaultConfigurationName = Release;
		};
		843CEEE21F166DA600BD074E /* Build configuration list for PBXNativeTarget "Alps-ios-demoUITests" */ = {
			isa = XCConfigurationList;
			buildConfigurations = (
				843CEEE31F166DA600BD074E /* Debug */,
				843CEEE41F166DA600BD074E /* Release */,
			);
			defaultConfigurationIsVisible = 0;
			defaultConfigurationName = Release;
		};
/* End XCConfigurationList section */
	};
	rootObject = 843CEEAC1F166DA600BD074E /* Project object */;
}
